
Microsoft Visual Studio Solution File, Format Version 12.00
# Visual Studio Version 17
VisualStudioVersion = 17.0.31903.59
MinimumVisualStudioVersion = 10.0.40219.1
Project("{2150E333-8FDC-42A3-9474-1A3956D46DE8}") = "src", "src", "{1602FB41-55FA-43F1-B642-E3D07A0CFD44}"
EndProject
Project("{FAE04EC0-301F-11D3-BF4B-00C04F79EFBC}") = "FeatureFlags.Domain", "src\FeatureFlags.Domain\FeatureFlags.Domain.csproj", "{19316C9E-9905-4737-89F2-221FA7A6A453}"
EndProject
Project("{FAE04EC0-301F-11D3-BF4B-00C04F79EFBC}") = "FeatureFlags.Infrastructure", "src\FeatureFlags.Infrastructure\FeatureFlags.Infrastructure.csproj", "{9AA0DAA7-6070-4D09-94D5-F87275E3A660}"
EndProject
Project("{FAE04EC0-301F-11D3-BF4B-00C04F79EFBC}") = "FeatureFlags.Application", "src\FeatureFlags.Application\FeatureFlags.Application.csproj", "{454F65FB-5904-4046-B6B6-4DB61F6E5FF1}"
EndProject
Project("{FAE04EC0-301F-11D3-BF4B-00C04F79EFBC}") = "FeatureFlags.Api", "src\FeatureFlags.Api\FeatureFlags.Api\FeatureFlags.Api.csproj", "{F544AB46-3CCC-4D10-B19B-7922E0C17131}"
EndProject
Project("{2150E333-8FDC-42A3-9474-1A3956D46DE8}") = "NewFolder1", "NewFolder1", "{51AFDFA6-BF50-403D-8223-B2747EC286F2}"
EndProject
Project("{FAE04EC0-301F-11D3-BF4B-00C04F79EFBC}") = "FeatureFlags.Tests", "src\tests\FeatureFlags.Tests\FeatureFlags.Tests.csproj", "{DA69AC4A-A0C9-4B8D-9125-6ED445057C0C}"
EndProject
Global
	GlobalSection(SolutionConfigurationPlatforms) = preSolution
		Debug|Any CPU = Debug|Any CPU
		Debug|x64 = Debug|x64
		Debug|x86 = Debug|x86
		Release|Any CPU = Release|Any CPU
		Release|x64 = Release|x64
		Release|x86 = Release|x86
	EndGlobalSection
	GlobalSection(ProjectConfigurationPlatforms) = postSolution
		{19316C9E-9905-4737-89F2-221FA7A6A453}.Debug|Any CPU.ActiveCfg = Debug|Any CPU
		{19316C9E-9905-4737-89F2-221FA7A6A453}.Debug|Any CPU.Build.0 = Debug|Any CPU
		{19316C9E-9905-4737-89F2-221FA7A6A453}.Debug|x64.ActiveCfg = Debug|Any CPU
		{19316C9E-9905-4737-89F2-221FA7A6A453}.Debug|x64.Build.0 = Debug|Any CPU
		{19316C9E-9905-4737-89F2-221FA7A6A453}.Debug|x86.ActiveCfg = Debug|Any CPU
		{19316C9E-9905-4737-89F2-221FA7A6A453}.Debug|x86.Build.0 = Debug|Any CPU
		{19316C9E-9905-4737-89F2-221FA7A6A453}.Release|Any CPU.ActiveCfg = Release|Any CPU
		{19316C9E-9905-4737-89F2-221FA7A6A453}.Release|Any CPU.Build.0 = Release|Any CPU
		{19316C9E-9905-4737-89F2-221FA7A6A453}.Release|x64.ActiveCfg = Release|Any CPU
		{19316C9E-9905-4737-89F2-221FA7A6A453}.Release|x64.Build.0 = Release|Any CPU
		{19316C9E-9905-4737-89F2-221FA7A6A453}.Release|x86.ActiveCfg = Release|Any CPU
		{19316C9E-9905-4737-89F2-221FA7A6A453}.Release|x86.Build.0 = Release|Any CPU
		{9AA0DAA7-6070-4D09-94D5-F87275E3A660}.Debug|Any CPU.ActiveCfg = Debug|Any CPU
		{9AA0DAA7-6070-4D09-94D5-F87275E3A660}.Debug|Any CPU.Build.0 = Debug|Any CPU
		{9AA0DAA7-6070-4D09-94D5-F87275E3A660}.Debug|x64.ActiveCfg = Debug|Any CPU
		{9AA0DAA7-6070-4D09-94D5-F87275E3A660}.Debug|x64.Build.0 = Debug|Any CPU
		{9AA0DAA7-6070-4D09-94D5-F87275E3A660}.Debug|x86.ActiveCfg = Debug|Any CPU
		{9AA0DAA7-6070-4D09-94D5-F87275E3A660}.Debug|x86.Build.0 = Debug|Any CPU
		{9AA0DAA7-6070-4D09-94D5-F87275E3A660}.Release|Any CPU.ActiveCfg = Release|Any CPU
		{9AA0DAA7-6070-4D09-94D5-F87275E3A660}.Release|Any CPU.Build.0 = Release|Any CPU
		{9AA0DAA7-6070-4D09-94D5-F87275E3A660}.Release|x64.ActiveCfg = Release|Any CPU
		{9AA0DAA7-6070-4D09-94D5-F87275E3A660}.Release|x64.Build.0 = Release|Any CPU
		{9AA0DAA7-6070-4D09-94D5-F87275E3A660}.Release|x86.ActiveCfg = Release|Any CPU
		{9AA0DAA7-6070-4D09-94D5-F87275E3A660}.Release|x86.Build.0 = Release|Any CPU
		{454F65FB-5904-4046-B6B6-4DB61F6E5FF1}.Debug|Any CPU.ActiveCfg = Debug|Any CPU
		{454F65FB-5904-4046-B6B6-4DB61F6E5FF1}.Debug|Any CPU.Build.0 = Debug|Any CPU
		{454F65FB-5904-4046-B6B6-4DB61F6E5FF1}.Debug|x64.ActiveCfg = Debug|Any CPU
		{454F65FB-5904-4046-B6B6-4DB61F6E5FF1}.Debug|x64.Build.0 = Debug|Any CPU
		{454F65FB-5904-4046-B6B6-4DB61F6E5FF1}.Debug|x86.ActiveCfg = Debug|Any CPU
		{454F65FB-5904-4046-B6B6-4DB61F6E5FF1}.Debug|x86.Build.0 = Debug|Any CPU
		{454F65FB-5904-4046-B6B6-4DB61F6E5FF1}.Release|Any CPU.ActiveCfg = Release|Any CPU
		{454F65FB-5904-4046-B6B6-4DB61F6E5FF1}.Release|Any CPU.Build.0 = Release|Any CPU
		{454F65FB-5904-4046-B6B6-4DB61F6E5FF1}.Release|x64.ActiveCfg = Release|Any CPU
		{454F65FB-5904-4046-B6B6-4DB61F6E5FF1}.Release|x64.Build.0 = Release|Any CPU
		{454F65FB-5904-4046-B6B6-4DB61F6E5FF1}.Release|x86.ActiveCfg = Release|Any CPU
		{454F65FB-5904-4046-B6B6-4DB61F6E5FF1}.Release|x86.Build.0 = Release|Any CPU
		{F544AB46-3CCC-4D10-B19B-7922E0C17131}.Debug|Any CPU.ActiveCfg = Debug|Any CPU
		{F544AB46-3CCC-4D10-B19B-7922E0C17131}.Debug|Any CPU.Build.0 = Debug|Any CPU
		{F544AB46-3CCC-4D10-B19B-7922E0C17131}.Debug|x64.ActiveCfg = Debug|Any CPU
		{F544AB46-3CCC-4D10-B19B-7922E0C17131}.Debug|x64.Build.0 = Debug|Any CPU
		{F544AB46-3CCC-4D10-B19B-7922E0C17131}.Debug|x86.ActiveCfg = Debug|Any CPU
		{F544AB46-3CCC-4D10-B19B-7922E0C17131}.Debug|x86.Build.0 = Debug|Any CPU
		{F544AB46-3CCC-4D10-B19B-7922E0C17131}.Release|Any CPU.ActiveCfg = Release|Any CPU
		{F544AB46-3CCC-4D10-B19B-7922E0C17131}.Release|Any CPU.Build.0 = Release|Any CPU
		{F544AB46-3CCC-4D10-B19B-7922E0C17131}.Release|x64.ActiveCfg = Release|Any CPU
		{F544AB46-3CCC-4D10-B19B-7922E0C17131}.Release|x64.Build.0 = Release|Any CPU
		{F544AB46-3CCC-4D10-B19B-7922E0C17131}.Release|x86.ActiveCfg = Release|Any CPU
		{F544AB46-3CCC-4D10-B19B-7922E0C17131}.Release|x86.Build.0 = Release|Any CPU
		{DA69AC4A-A0C9-4B8D-9125-6ED445057C0C}.Debug|Any CPU.ActiveCfg = Debug|Any CPU
		{DA69AC4A-A0C9-4B8D-9125-6ED445057C0C}.Debug|Any CPU.Build.0 = Debug|Any CPU
		{DA69AC4A-A0C9-4B8D-9125-6ED445057C0C}.Debug|x64.ActiveCfg = Debug|Any CPU
		{DA69AC4A-A0C9-4B8D-9125-6ED445057C0C}.Debug|x64.Build.0 = Debug|Any CPU
		{DA69AC4A-A0C9-4B8D-9125-6ED445057C0C}.Debug|x86.ActiveCfg = Debug|Any CPU
		{DA69AC4A-A0C9-4B8D-9125-6ED445057C0C}.Debug|x86.Build.0 = Debug|Any CPU
		{DA69AC4A-A0C9-4B8D-9125-6ED445057C0C}.Release|Any CPU.ActiveCfg = Release|Any CPU
		{DA69AC4A-A0C9-4B8D-9125-6ED445057C0C}.Release|Any CPU.Build.0 = Release|Any CPU
		{DA69AC4A-A0C9-4B8D-9125-6ED445057C0C}.Release|x64.ActiveCfg = Release|Any CPU
		{DA69AC4A-A0C9-4B8D-9125-6ED445057C0C}.Release|x64.Build.0 = Release|Any CPU
		{DA69AC4A-A0C9-4B8D-9125-6ED445057C0C}.Release|x86.ActiveCfg = Release|Any CPU
		{DA69AC4A-A0C9-4B8D-9125-6ED445057C0C}.Release|x86.Build.0 = Release|Any CPU
	EndGlobalSection
	GlobalSection(SolutionProperties) = preSolution
		HideSolutionNode = FALSE
	EndGlobalSection
	GlobalSection(NestedProjects) = preSolution
		{19316C9E-9905-4737-89F2-221FA7A6A453} = {1602FB41-55FA-43F1-B642-E3D07A0CFD44}
		{9AA0DAA7-6070-4D09-94D5-F87275E3A660} = {1602FB41-55FA-43F1-B642-E3D07A0CFD44}
		{454F65FB-5904-4046-B6B6-4DB61F6E5FF1} = {1602FB41-55FA-43F1-B642-E3D07A0CFD44}
		{F544AB46-3CCC-4D10-B19B-7922E0C17131} = {1602FB41-55FA-43F1-B642-E3D07A0CFD44}
	EndGlobalSection
EndGlobal
